
Microsoft Visual Studio Solution File, Format Version 12.00
# Visual Studio Version 17
VisualStudioVersion = 17.8.34408.163
MinimumVisualStudioVersion = 10.0.40219.1
Project("{FAE04EC0-301F-11D3-BF4B-00C04F79EFBC}") = "SeaFoodApp", "SeaFoodApp\SeaFoodApp.csproj", "{A9EEA57E-076E-4F89-B46C-0B850189FB10}"
EndProject
Global
	GlobalSection(SolutionConfigurationPlatforms) = preSolution
		Debug|Any CPU = Debug|Any CPU
		Release|Any CPU = Release|Any CPU
	EndGlobalSection
	GlobalSection(ProjectConfigurationPlatforms) = postSolution
		{A9EEA57E-076E-4F89-B46C-0B850189FB10}.Debug|Any CPU.ActiveCfg = Debug|Any CPU
		{A9EEA57E-076E-4F89-B46C-0B850189FB10}.Debug|Any CPU.Build.0 = Debug|Any CPU
		{A9EEA57E-076E-4F89-B46C-0B850189FB10}.Release|Any CPU.ActiveCfg = Release|Any CPU
		{A9EEA57E-076E-4F89-B46C-0B850189FB10}.Release|Any CPU.Build.0 = Release|Any CPU
	EndGlobalSection
	GlobalSection(SolutionProperties) = preSolution
		HideSolutionNode = FALSE
	EndGlobalSection
	GlobalSection(ExtensibilityGlobals) = postSolution
		SolutionGuid = {0DCB3A5A-EFCE-4008-8992-96DD50AE36EE}
	EndGlobalSection
EndGlobal
